
Microsoft Visual Studio Solution File, Format Version 12.00
# Visual Studio Version 17
VisualStudioVersion = 17.10.35122.118
MinimumVisualStudioVersion = 10.0.40219.1
Project("{FAE04EC0-301F-11D3-BF4B-00C04F79EFBC}") = "Ecom.Core", "Ecom.Core\Ecom.Core.csproj", "{BF7F72BD-118B-4A08-987D-6A50EE0AB9D3}"
EndProject
Project("{FAE04EC0-301F-11D3-BF4B-00C04F79EFBC}") = "Ecom.Infrastructure", "Ecom.Infrastructure\Ecom.Infrastructure.csproj", "{149624C9-D3CB-4F34-A713-61EEB11546D2}"
EndProject
Project("{FAE04EC0-301F-11D3-BF4B-00C04F79EFBC}") = "Ecom.API", "Ecom.API\Ecom.API.csproj", "{1A77235E-03AE-43E5-96F1-35EC7D8CA8B6}"
EndProject
Global
	GlobalSection(SolutionConfigurationPlatforms) = preSolution
		Debug|Any CPU = Debug|Any CPU
		Release|Any CPU = Release|Any CPU
	EndGlobalSection
	GlobalSection(ProjectConfigurationPlatforms) = postSolution
		{BF7F72BD-118B-4A08-987D-6A50EE0AB9D3}.Debug|Any CPU.ActiveCfg = Debug|Any CPU
		{BF7F72BD-118B-4A08-987D-6A50EE0AB9D3}.Debug|Any CPU.Build.0 = Debug|Any CPU
		{BF7F72BD-118B-4A08-987D-6A50EE0AB9D3}.Release|Any CPU.ActiveCfg = Release|Any CPU
		{BF7F72BD-118B-4A08-987D-6A50EE0AB9D3}.Release|Any CPU.Build.0 = Release|Any CPU
		{149624C9-D3CB-4F34-A713-61EEB11546D2}.Debug|Any CPU.ActiveCfg = Debug|Any CPU
		{149624C9-D3CB-4F34-A713-61EEB11546D2}.Debug|Any CPU.Build.0 = Debug|Any CPU
		{149624C9-D3CB-4F34-A713-61EEB11546D2}.Release|Any CPU.ActiveCfg = Release|Any CPU
		{149624C9-D3CB-4F34-A713-61EEB11546D2}.Release|Any CPU.Build.0 = Release|Any CPU
		{1A77235E-03AE-43E5-96F1-35EC7D8CA8B6}.Debug|Any CPU.ActiveCfg = Debug|Any CPU
		{1A77235E-03AE-43E5-96F1-35EC7D8CA8B6}.Debug|Any CPU.Build.0 = Debug|Any CPU
		{1A77235E-03AE-43E5-96F1-35EC7D8CA8B6}.Release|Any CPU.ActiveCfg = Release|Any CPU
		{1A77235E-03AE-43E5-96F1-35EC7D8CA8B6}.Release|Any CPU.Build.0 = Release|Any CPU
	EndGlobalSection
	GlobalSection(SolutionProperties) = preSolution
		HideSolutionNode = FALSE
	EndGlobalSection
	GlobalSection(ExtensibilityGlobals) = postSolution
		SolutionGuid = {32A96ECC-E550-40E3-9C4F-961F0D7611CC}
	EndGlobalSection
EndGlobal
